
Microsoft Visual Studio Solution File, Format Version 12.00
# Visual Studio Version 17
VisualStudioVersion = 17.9.34902.65
MinimumVisualStudioVersion = 10.0.40219.1
Project("{2150E333-8FDC-42A3-9474-1A3956D46DE8}") = "API", "API", "{244575AD-CAC5-4E6B-A695-75F6ADF7D2CE}"
EndProject
Project("{FAE04EC0-301F-11D3-BF4B-00C04F79EFBC}") = "Web.API", "Web.API\Web.API.csproj", "{BF0C57FF-C11B-496E-B41E-A475C8DD8721}"
EndProject
Project("{FAE04EC0-301F-11D3-BF4B-00C04F79EFBC}") = "Web.API.Domain", "Web.API.Domain\Web.API.Domain.csproj", "{C1570351-4E8B-425F-91BB-84A58A150601}"
EndProject
Project("{FAE04EC0-301F-11D3-BF4B-00C04F79EFBC}") = "Web.API.Persistence", "Web.API.Persistence\Web.API.Persistence.csproj", "{A3DFA168-A674-45C9-96B8-B1AD7F45ED0D}"
EndProject
Project("{FAE04EC0-301F-11D3-BF4B-00C04F79EFBC}") = "MqttBrokerService", "MqttBrokerService\MqttBrokerService.csproj", "{FD8ED09E-2459-4327-9CEB-5B8CE0B65D3C}"
EndProject
Project("{FAE04EC0-301F-11D3-BF4B-00C04F79EFBC}") = "Worker", "Worker\Worker.csproj", "{B8D5B3BA-7BBC-40E7-88CF-77BA77B2F9DD}"
EndProject
Project("{FAE04EC0-301F-11D3-BF4B-00C04F79EFBC}") = "PowerMqttSimulator", "PowerMqttSimulator\PowerMqttSimulator.csproj", "{F5CDEE67-1557-4EB7-AFFE-E2157B58BE68}"
EndProject
Global
	GlobalSection(SolutionConfigurationPlatforms) = preSolution
		Debug|Any CPU = Debug|Any CPU
		Debug|x64 = Debug|x64
		Debug|x86 = Debug|x86
		Release|Any CPU = Release|Any CPU
		Release|x64 = Release|x64
		Release|x86 = Release|x86
	EndGlobalSection
	GlobalSection(ProjectConfigurationPlatforms) = postSolution
		{BF0C57FF-C11B-496E-B41E-A475C8DD8721}.Debug|Any CPU.ActiveCfg = Debug|Any CPU
		{BF0C57FF-C11B-496E-B41E-A475C8DD8721}.Debug|Any CPU.Build.0 = Debug|Any CPU
		{BF0C57FF-C11B-496E-B41E-A475C8DD8721}.Debug|x64.ActiveCfg = Debug|Any CPU
		{BF0C57FF-C11B-496E-B41E-A475C8DD8721}.Debug|x64.Build.0 = Debug|Any CPU
		{BF0C57FF-C11B-496E-B41E-A475C8DD8721}.Debug|x86.ActiveCfg = Debug|Any CPU
		{BF0C57FF-C11B-496E-B41E-A475C8DD8721}.Debug|x86.Build.0 = Debug|Any CPU
		{BF0C57FF-C11B-496E-B41E-A475C8DD8721}.Release|Any CPU.ActiveCfg = Release|Any CPU
		{BF0C57FF-C11B-496E-B41E-A475C8DD8721}.Release|Any CPU.Build.0 = Release|Any CPU
		{BF0C57FF-C11B-496E-B41E-A475C8DD8721}.Release|x64.ActiveCfg = Release|Any CPU
		{BF0C57FF-C11B-496E-B41E-A475C8DD8721}.Release|x64.Build.0 = Release|Any CPU
		{BF0C57FF-C11B-496E-B41E-A475C8DD8721}.Release|x86.ActiveCfg = Release|Any CPU
		{BF0C57FF-C11B-496E-B41E-A475C8DD8721}.Release|x86.Build.0 = Release|Any CPU
		{C1570351-4E8B-425F-91BB-84A58A150601}.Debug|Any CPU.ActiveCfg = Debug|Any CPU
		{C1570351-4E8B-425F-91BB-84A58A150601}.Debug|Any CPU.Build.0 = Debug|Any CPU
		{C1570351-4E8B-425F-91BB-84A58A150601}.Debug|x64.ActiveCfg = Debug|Any CPU
		{C1570351-4E8B-425F-91BB-84A58A150601}.Debug|x64.Build.0 = Debug|Any CPU
		{C1570351-4E8B-425F-91BB-84A58A150601}.Debug|x86.ActiveCfg = Debug|Any CPU
		{C1570351-4E8B-425F-91BB-84A58A150601}.Debug|x86.Build.0 = Debug|Any CPU
		{C1570351-4E8B-425F-91BB-84A58A150601}.Release|Any CPU.ActiveCfg = Release|Any CPU
		{C1570351-4E8B-425F-91BB-84A58A150601}.Release|Any CPU.Build.0 = Release|Any CPU
		{C1570351-4E8B-425F-91BB-84A58A150601}.Release|x64.ActiveCfg = Release|Any CPU
		{C1570351-4E8B-425F-91BB-84A58A150601}.Release|x64.Build.0 = Release|Any CPU
		{C1570351-4E8B-425F-91BB-84A58A150601}.Release|x86.ActiveCfg = Release|Any CPU
		{C1570351-4E8B-425F-91BB-84A58A150601}.Release|x86.Build.0 = Release|Any CPU
		{A3DFA168-A674-45C9-96B8-B1AD7F45ED0D}.Debug|Any CPU.ActiveCfg = Debug|Any CPU
		{A3DFA168-A674-45C9-96B8-B1AD7F45ED0D}.Debug|Any CPU.Build.0 = Debug|Any CPU
		{A3DFA168-A674-45C9-96B8-B1AD7F45ED0D}.Debug|x64.ActiveCfg = Debug|Any CPU
		{A3DFA168-A674-45C9-96B8-B1AD7F45ED0D}.Debug|x64.Build.0 = Debug|Any CPU
		{A3DFA168-A674-45C9-96B8-B1AD7F45ED0D}.Debug|x86.ActiveCfg = Debug|Any CPU
		{A3DFA168-A674-45C9-96B8-B1AD7F45ED0D}.Debug|x86.Build.0 = Debug|Any CPU
		{A3DFA168-A674-45C9-96B8-B1AD7F45ED0D}.Release|Any CPU.ActiveCfg = Release|Any CPU
		{A3DFA168-A674-45C9-96B8-B1AD7F45ED0D}.Release|Any CPU.Build.0 = Release|Any CPU
		{A3DFA168-A674-45C9-96B8-B1AD7F45ED0D}.Release|x64.ActiveCfg = Release|Any CPU
		{A3DFA168-A674-45C9-96B8-B1AD7F45ED0D}.Release|x64.Build.0 = Release|Any CPU
		{A3DFA168-A674-45C9-96B8-B1AD7F45ED0D}.Release|x86.ActiveCfg = Release|Any CPU
		{A3DFA168-A674-45C9-96B8-B1AD7F45ED0D}.Release|x86.Build.0 = Release|Any CPU
		{FD8ED09E-2459-4327-9CEB-5B8CE0B65D3C}.Debug|Any CPU.ActiveCfg = Debug|Any CPU
		{FD8ED09E-2459-4327-9CEB-5B8CE0B65D3C}.Debug|Any CPU.Build.0 = Debug|Any CPU
		{FD8ED09E-2459-4327-9CEB-5B8CE0B65D3C}.Debug|x64.ActiveCfg = Debug|Any CPU
		{FD8ED09E-2459-4327-9CEB-5B8CE0B65D3C}.Debug|x64.Build.0 = Debug|Any CPU
		{FD8ED09E-2459-4327-9CEB-5B8CE0B65D3C}.Debug|x86.ActiveCfg = Debug|Any CPU
		{FD8ED09E-2459-4327-9CEB-5B8CE0B65D3C}.Debug|x86.Build.0 = Debug|Any CPU
		{FD8ED09E-2459-4327-9CEB-5B8CE0B65D3C}.Release|Any CPU.ActiveCfg = Release|Any CPU
		{FD8ED09E-2459-4327-9CEB-5B8CE0B65D3C}.Release|Any CPU.Build.0 = Release|Any CPU
		{FD8ED09E-2459-4327-9CEB-5B8CE0B65D3C}.Release|x64.ActiveCfg = Release|Any CPU
		{FD8ED09E-2459-4327-9CEB-5B8CE0B65D3C}.Release|x64.Build.0 = Release|Any CPU
		{FD8ED09E-2459-4327-9CEB-5B8CE0B65D3C}.Release|x86.ActiveCfg = Release|Any CPU
		{FD8ED09E-2459-4327-9CEB-5B8CE0B65D3C}.Release|x86.Build.0 = Release|Any CPU
		{B8D5B3BA-7BBC-40E7-88CF-77BA77B2F9DD}.Debug|Any CPU.ActiveCfg = Debug|Any CPU
		{B8D5B3BA-7BBC-40E7-88CF-77BA77B2F9DD}.Debug|Any CPU.Build.0 = Debug|Any CPU
		{B8D5B3BA-7BBC-40E7-88CF-77BA77B2F9DD}.Debug|x64.ActiveCfg = Debug|Any CPU
		{B8D5B3BA-7BBC-40E7-88CF-77BA77B2F9DD}.Debug|x64.Build.0 = Debug|Any CPU
		{B8D5B3BA-7BBC-40E7-88CF-77BA77B2F9DD}.Debug|x86.ActiveCfg = Debug|Any CPU
		{B8D5B3BA-7BBC-40E7-88CF-77BA77B2F9DD}.Debug|x86.Build.0 = Debug|Any CPU
		{B8D5B3BA-7BBC-40E7-88CF-77BA77B2F9DD}.Release|Any CPU.ActiveCfg = Release|Any CPU
		{B8D5B3BA-7BBC-40E7-88CF-77BA77B2F9DD}.Release|Any CPU.Build.0 = Release|Any CPU
		{B8D5B3BA-7BBC-40E7-88CF-77BA77B2F9DD}.Release|x64.ActiveCfg = Release|Any CPU
		{B8D5B3BA-7BBC-40E7-88CF-77BA77B2F9DD}.Release|x64.Build.0 = Release|Any CPU
		{B8D5B3BA-7BBC-40E7-88CF-77BA77B2F9DD}.Release|x86.ActiveCfg = Release|Any CPU
		{B8D5B3BA-7BBC-40E7-88CF-77BA77B2F9DD}.Release|x86.Build.0 = Release|Any CPU
		{F5CDEE67-1557-4EB7-AFFE-E2157B58BE68}.Debug|Any CPU.ActiveCfg = Debug|Any CPU
		{F5CDEE67-1557-4EB7-AFFE-E2157B58BE68}.Debug|Any CPU.Build.0 = Debug|Any CPU
		{F5CDEE67-1557-4EB7-AFFE-E2157B58BE68}.Debug|x64.ActiveCfg = Debug|Any CPU
		{F5CDEE67-1557-4EB7-AFFE-E2157B58BE68}.Debug|x64.Build.0 = Debug|Any CPU
		{F5CDEE67-1557-4EB7-AFFE-E2157B58BE68}.Debug|x86.ActiveCfg = Debug|Any CPU
		{F5CDEE67-1557-4EB7-AFFE-E2157B58BE68}.Debug|x86.Build.0 = Debug|Any CPU
		{F5CDEE67-1557-4EB7-AFFE-E2157B58BE68}.Release|Any CPU.ActiveCfg = Release|Any CPU
		{F5CDEE67-1557-4EB7-AFFE-E2157B58BE68}.Release|Any CPU.Build.0 = Release|Any CPU
		{F5CDEE67-1557-4EB7-AFFE-E2157B58BE68}.Release|x64.ActiveCfg = Release|Any CPU
		{F5CDEE67-1557-4EB7-AFFE-E2157B58BE68}.Release|x64.Build.0 = Release|Any CPU
		{F5CDEE67-1557-4EB7-AFFE-E2157B58BE68}.Release|x86.ActiveCfg = Release|Any CPU
		{F5CDEE67-1557-4EB7-AFFE-E2157B58BE68}.Release|x86.Build.0 = Release|Any CPU
	EndGlobalSection
	GlobalSection(SolutionProperties) = preSolution
		HideSolutionNode = FALSE
	EndGlobalSection
	GlobalSection(NestedProjects) = preSolution
		{BF0C57FF-C11B-496E-B41E-A475C8DD8721} = {244575AD-CAC5-4E6B-A695-75F6ADF7D2CE}
	EndGlobalSection
	GlobalSection(ExtensibilityGlobals) = postSolution
		SolutionGuid = {1EA747B0-902A-4820-8E44-167440A56A48}
	EndGlobalSection
EndGlobal
